
Microsoft Visual Studio Solution File, Format Version 12.00
# Visual Studio Version 16
VisualStudioVersion = 16.0.31205.134
MinimumVisualStudioVersion = 10.0.40219.1
Project("{FAE04EC0-301F-11D3-BF4B-00C04F79EFBC}") = "ConsoleApp3", "ConsoleApp3\ConsoleApp3.csproj", "{6F3AAEBE-719C-4A2A-8F53-CE24A2F43A5D}"
EndProject
Project("{FAE04EC0-301F-11D3-BF4B-00C04F79EFBC}") = "ConsoleApp3_UnitTests", "ConsoleApp3_UnitTests\ConsoleApp3_UnitTests.csproj", "{1ED7A73C-FABA-43DC-9AF4-A5B48768785B}"
EndProject
Global
	GlobalSection(SolutionConfigurationPlatforms) = preSolution
		Debug|Any CPU = Debug|Any CPU
		Release|Any CPU = Release|Any CPU
	EndGlobalSection
	GlobalSection(ProjectConfigurationPlatforms) = postSolution
		{6F3AAEBE-719C-4A2A-8F53-CE24A2F43A5D}.Debug|Any CPU.ActiveCfg = Debug|Any CPU
		{6F3AAEBE-719C-4A2A-8F53-CE24A2F43A5D}.Debug|Any CPU.Build.0 = Debug|Any CPU
		{6F3AAEBE-719C-4A2A-8F53-CE24A2F43A5D}.Release|Any CPU.ActiveCfg = Release|Any CPU
		{6F3AAEBE-719C-4A2A-8F53-CE24A2F43A5D}.Release|Any CPU.Build.0 = Release|Any CPU
		{1ED7A73C-FABA-43DC-9AF4-A5B48768785B}.Debug|Any CPU.ActiveCfg = Debug|Any CPU
		{1ED7A73C-FABA-43DC-9AF4-A5B48768785B}.Debug|Any CPU.Build.0 = Debug|Any CPU
		{1ED7A73C-FABA-43DC-9AF4-A5B48768785B}.Release|Any CPU.ActiveCfg = Release|Any CPU
		{1ED7A73C-FABA-43DC-9AF4-A5B48768785B}.Release|Any CPU.Build.0 = Release|Any CPU
	EndGlobalSection
	GlobalSection(SolutionProperties) = preSolution
		HideSolutionNode = FALSE
	EndGlobalSection
	GlobalSection(ExtensibilityGlobals) = postSolution
		SolutionGuid = {0C87AFC1-C7C0-42F9-B0A7-1AB1E182160D}
	EndGlobalSection
EndGlobal
